{
  "nodes": {
    "advisory-db": {
      "flake": false,
      "locked": {
        "lastModified": 1727881133,
        "narHash": "sha256-nnfwJjLA0uVIBgrGNYt9ButjBQFyj/I6MohQUHhJ78A=",
        "owner": "rustsec",
        "repo": "advisory-db",
        "rev": "a68ca4a1ec3950da7c82c522e8cfc424e28ca7f0",
        "type": "github"
      },
      "original": {
        "owner": "rustsec",
        "repo": "advisory-db",
        "type": "github"
      }
    },
    "crane": {
      "locked": {
        "lastModified": 1727974419,
        "narHash": "sha256-WD0//20h+2/yPGkO88d2nYbb23WMWYvnRyDQ9Dx4UHg=",
        "owner": "ipetkov",
        "repo": "crane",
        "rev": "37e4f9f0976cb9281cd3f0c70081e5e0ecaee93f",
        "type": "github"
      },
      "original": {
        "owner": "ipetkov",
        "repo": "crane",
        "type": "github"
      }
    },
    "fenix": {
      "inputs": {
        "nixpkgs": "nixpkgs",
        "rust-analyzer-src": "rust-analyzer-src"
      },
      "locked": {
        "lastModified": 1728282832,
        "narHash": "sha256-I7AbcwGggf+CHqpyd/9PiAjpIBGTGx5woYHqtwxaV7I=",
        "owner": "nix-community",
        "repo": "fenix",
        "rev": "1ec71be1f4b8f3105c5d38da339cb061fefc43f4",
        "type": "github"
      },
      "original": {
        "id": "fenix",
        "type": "indirect"
      }
    },
    "flake-parts": {
      "inputs": {
        "nixpkgs-lib": "nixpkgs-lib"
      },
      "locked": {
        "lastModified": 1727826117,
        "narHash": "sha256-K5ZLCyfO/Zj9mPFldf3iwS6oZStJcU4tSpiXTMYaaL0=",
        "owner": "hercules-ci",
        "repo": "flake-parts",
        "rev": "3d04084d54bedc3d6b8b736c70ef449225c361b1",
        "type": "github"
      },
      "original": {
        "owner": "hercules-ci",
        "repo": "flake-parts",
        "type": "github"
      }
    },
    "hc-launch": {
      "flake": false,
      "locked": {
        "lastModified": 1717431387,
        "narHash": "sha256-+VvWwBmxcgePV1L6kU2mSkg3emMiMgpdQnCqvQJkRPk=",
        "owner": "holochain",
        "repo": "hc-launch",
        "rev": "9d9cab5e6b57e1c278113921ff203e515c8bbd2e",
        "type": "github"
      },
      "original": {
        "owner": "holochain",
        "ref": "holochain-0.3",
        "repo": "hc-launch",
        "type": "github"
      }
    },
    "hc-scaffold": {
      "flake": false,
      "locked": {
        "lastModified": 1727691892,
        "narHash": "sha256-8dMLmpYp19wZhxlR1uiSeR23nGAOhHnyiZ/5CPwOoAg=",
        "owner": "holochain",
        "repo": "scaffolding",
        "rev": "d0290b88ac08e6811d57acb3294a177d107d2528",
        "type": "github"
      },
      "original": {
        "owner": "holochain",
        "ref": "holochain-0.3",
        "repo": "scaffolding",
        "type": "github"
      }
    },
    "holochain": {
      "flake": false,
      "locked": {
        "lastModified": 1722347117,
        "narHash": "sha256-Jv4DxaVtdbO+fOD4woFoepCCOtRN/HF94xJSwViz3ck=",
        "owner": "holochain",
        "repo": "holochain",
        "rev": "97d86050b177829b623461970db5c3b64fbd74c1",
        "type": "github"
      },
      "original": {
        "owner": "holochain",
        "ref": "holochain-0.3.2",
        "repo": "holochain",
        "type": "github"
      }
    },
    "holonix": {
      "inputs": {
        "crane": [
          "crane"
        ],
        "flake-parts": [
          "flake-parts"
        ],
        "hc-launch": "hc-launch",
        "hc-scaffold": "hc-scaffold",
        "holochain": "holochain",
        "lair-keystore": "lair-keystore",
        "nixpkgs": [
          "nixpkgs"
        ],
        "rust-overlay": "rust-overlay"
      },
      "locked": {
        "lastModified": 1727888522,
        "narHash": "sha256-v7xvwPMeIUkYnPuMG+uypRu259t1HoSYBY+1zaq8jHs=",
        "owner": "holochain",
        "repo": "holonix",
        "rev": "9d3c4cf95e0224a953de9a290d055e494113e42b",
        "type": "github"
      },
      "original": {
        "owner": "holochain",
        "ref": "main-0.3",
        "repo": "holonix",
        "type": "github"
      }
    },
    "lair-keystore": {
      "flake": false,
      "locked": {
        "lastModified": 1717684904,
        "narHash": "sha256-vcXt67Tl1qwVUkx8CBevdQocqZXUEeoXjaYw86ljsYo=",
        "owner": "holochain",
        "repo": "lair",
        "rev": "6a84ed490fc7074d107e38bbb4a8d707e9b8e066",
        "type": "github"
      },
      "original": {
        "owner": "holochain",
        "ref": "lair_keystore-v0.4.5",
        "repo": "lair",
        "type": "github"
      }
    },
    "nixpkgs": {
      "locked": {
        "lastModified": 1728018373,
        "narHash": "sha256-NOiTvBbRLIOe5F6RbHaAh6++BNjsb149fGZd1T4+KBg=",
        "owner": "nixos",
        "repo": "nixpkgs",
        "rev": "bc947f541ae55e999ffdb4013441347d83b00feb",
        "type": "github"
      },
      "original": {
        "owner": "nixos",
        "ref": "nixos-unstable",
        "repo": "nixpkgs",
        "type": "github"
      }
    },
    "nixpkgs-lib": {
      "locked": {
        "lastModified": 1727825735,
        "narHash": "sha256-0xHYkMkeLVQAMa7gvkddbPqpxph+hDzdu1XdGPJR+Os=",
        "type": "tarball",
        "url": "https://github.com/NixOS/nixpkgs/archive/fb192fec7cc7a4c26d51779e9bab07ce6fa5597a.tar.gz"
      },
      "original": {
        "type": "tarball",
        "url": "https://github.com/NixOS/nixpkgs/archive/fb192fec7cc7a4c26d51779e9bab07ce6fa5597a.tar.gz"
      }
    },
    "nixpkgs_2": {
      "locked": {
        "lastModified": 1717179513,
        "narHash": "sha256-vboIEwIQojofItm2xGCdZCzW96U85l9nDW3ifMuAIdM=",
        "owner": "NixOS",
        "repo": "nixpkgs",
        "rev": "63dacb46bf939521bdc93981b4cbb7ecb58427a0",
        "type": "github"
      },
      "original": {
        "owner": "NixOS",
        "ref": "24.05",
        "repo": "nixpkgs",
        "type": "github"
      }
    },
    "root": {
      "inputs": {
        "advisory-db": "advisory-db",
        "crane": "crane",
        "fenix": "fenix",
        "flake-parts": "flake-parts",
        "holonix": "holonix",
        "nixpkgs": "nixpkgs_2"
      }
    },
    "rust-analyzer-src": {
      "flake": false,
      "locked": {
        "lastModified": 1728249780,
        "narHash": "sha256-J269DvCI5dzBmPrXhAAtj566qt0b22TJtF3TIK+tMsI=",
        "owner": "rust-lang",
        "repo": "rust-analyzer",
        "rev": "2b750da1a1a2c1d2c70896108d7096089842d877",
        "type": "github"
      },
      "original": {
        "owner": "rust-lang",
        "ref": "nightly",
        "repo": "rust-analyzer",
        "type": "github"
      }
    },
    "rust-overlay": {
      "inputs": {
        "nixpkgs": [
          "holonix",
          "nixpkgs"
        ]
      },
      "locked": {
        "lastModified": 1725243956,
        "narHash": "sha256-0A5ZP8uDCyBdYUzayZfy6JFdTefP79oZVAjyqA/yuSI=",
        "owner": "oxalica",
        "repo": "rust-overlay",
        "rev": "a10c8092d5f82622be79ed4dd12289f72011f850",
        "type": "github"
      },
      "original": {
        "owner": "oxalica",
        "repo": "rust-overlay",
        "type": "github"
      }
    }
  },
  "root": "root",
  "version": 7
}
